{
  "name": "@sickn33/tidal-mcp",
  "version": "1.4.0",
  "lockfileVersion": 3,
  "requires": true,
  "packages": {
    "": {
      "name": "@sickn33/tidal-mcp",
      "version": "1.4.0",
      "license": "MIT",
      "os": [
        "darwin",
        "linux"
      ],
      "bin": {
        "tidal-auth": "npm/bin/tidal-auth.mjs",
        "tidal-mcp": "npm/bin/tidal-mcp.mjs"
      },
      "engines": {
        "node": ">=18"
      }
    }
  }
}
